
Microsoft Visual Studio Solution File, Format Version 12.00
# Visual Studio Version 17
VisualStudioVersion = 17.3.32901.215
MinimumVisualStudioVersion = 10.0.40219.1
Project("{FAE04EC0-301F-11D3-BF4B-00C04F79EFBC}") = "VariablesDataTypes", "VariablesDataTypes\VariablesDataTypes.csproj", "{F8BE022B-67BC-4BF2-A771-A731DA5E875B}"
EndProject
Global
	GlobalSection(SolutionConfigurationPlatforms) = preSolution
		Debug|Any CPU = Debug|Any CPU
		Release|Any CPU = Release|Any CPU
	EndGlobalSection
	GlobalSection(ProjectConfigurationPlatforms) = postSolution
		{F8BE022B-67BC-4BF2-A771-A731DA5E875B}.Debug|Any CPU.ActiveCfg = Debug|Any CPU
		{F8BE022B-67BC-4BF2-A771-A731DA5E875B}.Debug|Any CPU.Build.0 = Debug|Any CPU
		{F8BE022B-67BC-4BF2-A771-A731DA5E875B}.Release|Any CPU.ActiveCfg = Release|Any CPU
		{F8BE022B-67BC-4BF2-A771-A731DA5E875B}.Release|Any CPU.Build.0 = Release|Any CPU
	EndGlobalSection
	GlobalSection(SolutionProperties) = preSolution
		HideSolutionNode = FALSE
	EndGlobalSection
	GlobalSection(ExtensibilityGlobals) = postSolution
		SolutionGuid = {02CC73BE-A17E-4D26-B463-49A3DD2EA9F0}
	EndGlobalSection
EndGlobal
